
Microsoft Visual Studio Solution File, Format Version 12.00
# Visual Studio Version 17
VisualStudioVersion = 17.4.33213.308
MinimumVisualStudioVersion = 10.0.40219.1
Project("{9A19103F-16F7-4668-BE54-9A1E7A4F7556}") = "20-01-2023(1)", "20-01-2023(1)\20-01-2023(1).csproj", "{8C783379-05C2-485F-B1C1-9BA4D74D345E}"
EndProject
Project("{FAE04EC0-301F-11D3-BF4B-00C04F79EFBC}") = "20-01-2023(2)", "20-01-2023(2)\20-01-2023(2).csproj", "{662AF508-D830-44C7-A1C7-EE65867E53FD}"
EndProject
Project("{FAE04EC0-301F-11D3-BF4B-00C04F79EFBC}") = "20-01-2023(3)", "20-01-2023(3)\20-01-2023(3).csproj", "{954816CF-A7B3-4C0E-BEA1-311F74AF70DB}"
EndProject
Project("{FAE04EC0-301F-11D3-BF4B-00C04F79EFBC}") = "20-01-2023(4)", "20-01-2023(4)\20-01-2023(4).csproj", "{F6354490-8CDA-47B0-8624-73A958C38F44}"
EndProject
Global
	GlobalSection(SolutionConfigurationPlatforms) = preSolution
		Debug|Any CPU = Debug|Any CPU
		Release|Any CPU = Release|Any CPU
	EndGlobalSection
	GlobalSection(ProjectConfigurationPlatforms) = postSolution
		{8C783379-05C2-485F-B1C1-9BA4D74D345E}.Debug|Any CPU.ActiveCfg = Debug|Any CPU
		{8C783379-05C2-485F-B1C1-9BA4D74D345E}.Debug|Any CPU.Build.0 = Debug|Any CPU
		{8C783379-05C2-485F-B1C1-9BA4D74D345E}.Release|Any CPU.ActiveCfg = Release|Any CPU
		{8C783379-05C2-485F-B1C1-9BA4D74D345E}.Release|Any CPU.Build.0 = Release|Any CPU
		{662AF508-D830-44C7-A1C7-EE65867E53FD}.Debug|Any CPU.ActiveCfg = Debug|Any CPU
		{662AF508-D830-44C7-A1C7-EE65867E53FD}.Debug|Any CPU.Build.0 = Debug|Any CPU
		{662AF508-D830-44C7-A1C7-EE65867E53FD}.Release|Any CPU.ActiveCfg = Release|Any CPU
		{662AF508-D830-44C7-A1C7-EE65867E53FD}.Release|Any CPU.Build.0 = Release|Any CPU
		{954816CF-A7B3-4C0E-BEA1-311F74AF70DB}.Debug|Any CPU.ActiveCfg = Debug|Any CPU
		{954816CF-A7B3-4C0E-BEA1-311F74AF70DB}.Debug|Any CPU.Build.0 = Debug|Any CPU
		{954816CF-A7B3-4C0E-BEA1-311F74AF70DB}.Release|Any CPU.ActiveCfg = Release|Any CPU
		{954816CF-A7B3-4C0E-BEA1-311F74AF70DB}.Release|Any CPU.Build.0 = Release|Any CPU
		{F6354490-8CDA-47B0-8624-73A958C38F44}.Debug|Any CPU.ActiveCfg = Debug|Any CPU
		{F6354490-8CDA-47B0-8624-73A958C38F44}.Debug|Any CPU.Build.0 = Debug|Any CPU
		{F6354490-8CDA-47B0-8624-73A958C38F44}.Release|Any CPU.ActiveCfg = Release|Any CPU
		{F6354490-8CDA-47B0-8624-73A958C38F44}.Release|Any CPU.Build.0 = Release|Any CPU
	EndGlobalSection
	GlobalSection(SolutionProperties) = preSolution
		HideSolutionNode = FALSE
	EndGlobalSection
	GlobalSection(ExtensibilityGlobals) = postSolution
		SolutionGuid = {DC37F43D-E6C0-474E-BFB8-E6336D97F36A}
	EndGlobalSection
EndGlobal
