
Microsoft Visual Studio Solution File, Format Version 12.00
# Visual Studio Version 17
VisualStudioVersion = 17.4.33213.308
MinimumVisualStudioVersion = 10.0.40219.1
Project("{FAE04EC0-301F-11D3-BF4B-00C04F79EFBC}") = "18-09-2023CSharp", "18-09-2023CSharp\18-09-2023CSharp.csproj", "{06964409-1856-42FC-B528-1E7992D891EF}"
EndProject
Project("{FAE04EC0-301F-11D3-BF4B-00C04F79EFBC}") = "18-01-2023(2)", "18-01-2023(2)\18-01-2023(2).csproj", "{03E6B0AE-A0A2-4FCC-A744-B99670463A47}"
EndProject
Project("{FAE04EC0-301F-11D3-BF4B-00C04F79EFBC}") = "18-01-2023(3)", "18-01-2023(3)\18-01-2023(3).csproj", "{A675ABA6-67C2-401A-9FD7-DAD19354ED8A}"
EndProject
Global
	GlobalSection(SolutionConfigurationPlatforms) = preSolution
		Debug|Any CPU = Debug|Any CPU
		Release|Any CPU = Release|Any CPU
	EndGlobalSection
	GlobalSection(ProjectConfigurationPlatforms) = postSolution
		{06964409-1856-42FC-B528-1E7992D891EF}.Debug|Any CPU.ActiveCfg = Debug|Any CPU
		{06964409-1856-42FC-B528-1E7992D891EF}.Debug|Any CPU.Build.0 = Debug|Any CPU
		{06964409-1856-42FC-B528-1E7992D891EF}.Release|Any CPU.ActiveCfg = Release|Any CPU
		{06964409-1856-42FC-B528-1E7992D891EF}.Release|Any CPU.Build.0 = Release|Any CPU
		{03E6B0AE-A0A2-4FCC-A744-B99670463A47}.Debug|Any CPU.ActiveCfg = Debug|Any CPU
		{03E6B0AE-A0A2-4FCC-A744-B99670463A47}.Debug|Any CPU.Build.0 = Debug|Any CPU
		{03E6B0AE-A0A2-4FCC-A744-B99670463A47}.Release|Any CPU.ActiveCfg = Release|Any CPU
		{03E6B0AE-A0A2-4FCC-A744-B99670463A47}.Release|Any CPU.Build.0 = Release|Any CPU
		{A675ABA6-67C2-401A-9FD7-DAD19354ED8A}.Debug|Any CPU.ActiveCfg = Debug|Any CPU
		{A675ABA6-67C2-401A-9FD7-DAD19354ED8A}.Debug|Any CPU.Build.0 = Debug|Any CPU
		{A675ABA6-67C2-401A-9FD7-DAD19354ED8A}.Release|Any CPU.ActiveCfg = Release|Any CPU
		{A675ABA6-67C2-401A-9FD7-DAD19354ED8A}.Release|Any CPU.Build.0 = Release|Any CPU
	EndGlobalSection
	GlobalSection(SolutionProperties) = preSolution
		HideSolutionNode = FALSE
	EndGlobalSection
	GlobalSection(ExtensibilityGlobals) = postSolution
		SolutionGuid = {F6E4DB20-B962-490B-B186-12AC0FEF2917}
	EndGlobalSection
EndGlobal
